// !$*UTF8*$!
{
	archiveVersion = 1;
	classes = {
	};
	objectVersion = 48;
	objects = {

/* Begin PBXBuildFile section */
		4F0A40B120E14A48004D2CA1 /* Settings.swift in Sources */ = {isa = PBXBuildFile; fileRef = 4F0A40B020E14A48004D2CA1 /* Settings.swift */; };
		4F0A40B420E18A0C004D2CA1 /* SettingCell.swift in Sources */ = {isa = PBXBuildFile; fileRef = 4F0A40B320E18A0C004D2CA1 /* SettingCell.swift */; };
		4F0A40B620E18A1C004D2CA1 /* SettingHeader.swift in Sources */ = {isa = PBXBuildFile; fileRef = 4F0A40B520E18A1C004D2CA1 /* SettingHeader.swift */; };
		4F1ADB7920F1E2C000EA96B6 /* api.swift in Sources */ = {isa = PBXBuildFile; fileRef = 4F1ADB7820F1E2C000EA96B6 /* api.swift */; };
		4F1ADB7B20F1E37300EA96B6 /* constants.swift in Sources */ = {isa = PBXBuildFile; fileRef = 4F1ADB7A20F1E37300EA96B6 /* constants.swift */; };
		4F1ADB7D20F297BD00EA96B6 /* ReadPost.swift in Sources */ = {isa = PBXBuildFile; fileRef = 4F1ADB7C20F297BD00EA96B6 /* ReadPost.swift */; };
		4F1ADB7F20F2CD8A00EA96B6 /* Image.swift in Sources */ = {isa = PBXBuildFile; fileRef = 4F1ADB7E20F2CD8A00EA96B6 /* Image.swift */; };
		4F1ADB8120F2CD9A00EA96B6 /* Like.swift in Sources */ = {isa = PBXBuildFile; fileRef = 4F1ADB8020F2CD9A00EA96B6 /* Like.swift */; };
		4F1ADB8320F2CF1200EA96B6 /* Error.swift in Sources */ = {isa = PBXBuildFile; fileRef = 4F1ADB8220F2CF1200EA96B6 /* Error.swift */; };
		4F1C70F920DD6C3000BAB483 /* Constants.swift in Sources */ = {isa = PBXBuildFile; fileRef = 4F1C70F820DD6C3000BAB483 /* Constants.swift */; };
		4F64120C20F4352900975F63 /* CreateLike.swift in Sources */ = {isa = PBXBuildFile; fileRef = 4F64120B20F4352900975F63 /* CreateLike.swift */; };
		4F64121520F5124700975F63 /* ReadStatue.swift in Sources */ = {isa = PBXBuildFile; fileRef = 4F64121420F5124700975F63 /* ReadStatue.swift */; };
		4F64121720F5128E00975F63 /* StatueModel.swift in Sources */ = {isa = PBXBuildFile; fileRef = 4F64121620F5128E00975F63 /* StatueModel.swift */; };
		4F64121C20F540FB00975F63 /* Store.swift in Sources */ = {isa = PBXBuildFile; fileRef = 4F64121B20F540FB00975F63 /* Store.swift */; };
		4FBA78E520E01140002D503C /* awsconfiguration.json in Resources */ = {isa = PBXBuildFile; fileRef = 4FBA78E420E01140002D503C /* awsconfiguration.json */; };
		852800091FF5FB9F00FD908F /* FSAlbumViewCell.swift in Sources */ = {isa = PBXBuildFile; fileRef = 8528FFFC1FF5FB9D00FD908F /* FSAlbumViewCell.swift */; };
		8528000A1FF5FB9F00FD908F /* FSAlbumViewCell.xib in Resources */ = {isa = PBXBuildFile; fileRef = 8528FFFD1FF5FB9E00FD908F /* FSAlbumViewCell.xib */; };
		8528000B1FF5FB9F00FD908F /* FSAlbumView.xib in Resources */ = {isa = PBXBuildFile; fileRef = 8528FFFE1FF5FB9E00FD908F /* FSAlbumView.xib */; };
		8528000C1FF5FB9F00FD908F /* FSVideoCameraView.xib in Resources */ = {isa = PBXBuildFile; fileRef = 8528FFFF1FF5FB9E00FD908F /* FSVideoCameraView.xib */; };
		8528000D1FF5FB9F00FD908F /* FSCameraView.swift in Sources */ = {isa = PBXBuildFile; fileRef = 852800001FF5FB9E00FD908F /* FSCameraView.swift */; };
		8528000E1FF5FB9F00FD908F /* FSCameraView.xib in Resources */ = {isa = PBXBuildFile; fileRef = 852800011FF5FB9E00FD908F /* FSCameraView.xib */; };
		8528000F1FF5FB9F00FD908F /* FSImageCropView.swift in Sources */ = {isa = PBXBuildFile; fileRef = 852800021FF5FB9E00FD908F /* FSImageCropView.swift */; };
		852800101FF5FB9F00FD908F /* FusumaViewController.swift.orig in Resources */ = {isa = PBXBuildFile; fileRef = 852800031FF5FB9E00FD908F /* FusumaViewController.swift.orig */; };
		852800111FF5FB9F00FD908F /* FSAlbumView.swift in Sources */ = {isa = PBXBuildFile; fileRef = 852800041FF5FB9E00FD908F /* FSAlbumView.swift */; };
		852800121FF5FB9F00FD908F /* FSConstants.swift in Sources */ = {isa = PBXBuildFile; fileRef = 852800051FF5FB9E00FD908F /* FSConstants.swift */; };
		852800131FF5FB9F00FD908F /* FSVideoCameraView.swift in Sources */ = {isa = PBXBuildFile; fileRef = 852800061FF5FB9E00FD908F /* FSVideoCameraView.swift */; };
		852800141FF5FB9F00FD908F /* FusumaViewController.xib in Resources */ = {isa = PBXBuildFile; fileRef = 852800071FF5FB9E00FD908F /* FusumaViewController.xib */; };
		852800151FF5FB9F00FD908F /* FusumaViewController.swift in Sources */ = {isa = PBXBuildFile; fileRef = 852800081FF5FB9F00FD908F /* FusumaViewController.swift */; };
		853E18A3200D6C0C004AE42C /* TitlesAndFonts.swift in Sources */ = {isa = PBXBuildFile; fileRef = 853E18A2200D6C0C004AE42C /* TitlesAndFonts.swift */; };
		8544270C1FF4340800D81665 /* CreatePost.swift in Sources */ = {isa = PBXBuildFile; fileRef = 8544270B1FF4340800D81665 /* CreatePost.swift */; };
		8544270E1FF4345700D81665 /* LogoutUser.swift in Sources */ = {isa = PBXBuildFile; fileRef = 8544270D1FF4345700D81665 /* LogoutUser.swift */; };
		854427101FF43CB100D81665 /* CreateComment.swift in Sources */ = {isa = PBXBuildFile; fileRef = 8544270F1FF43CB100D81665 /* CreateComment.swift */; };
		854827711FE34E7A007031E7 /* Extensions.swift in Sources */ = {isa = PBXBuildFile; fileRef = 854827701FE34E7A007031E7 /* Extensions.swift */; };
		856CD008201259AD00C47D5A /* UserProfileFactHeader.swift in Sources */ = {isa = PBXBuildFile; fileRef = 856CD006201259AC00C47D5A /* UserProfileFactHeader.swift */; };
		856CD009201259AD00C47D5A /* UserProfileFactCell.swift in Sources */ = {isa = PBXBuildFile; fileRef = 856CD007201259AD00C47D5A /* UserProfileFactCell.swift */; };
		856CD00C2012622A00C47D5A /* FactsModel.swift in Sources */ = {isa = PBXBuildFile; fileRef = 856CD00B2012622A00C47D5A /* FactsModel.swift */; };
		856CD00E2012624600C47D5A /* UserProfileViewModel.swift in Sources */ = {isa = PBXBuildFile; fileRef = 856CD00D2012624600C47D5A /* UserProfileViewModel.swift */; };
		856CD0102012687400C47D5A /* ProfileModel.swift in Sources */ = {isa = PBXBuildFile; fileRef = 856CD00F2012687400C47D5A /* ProfileModel.swift */; };
		85707AB81FE769AD00BD978F /* UserSignUp.swift in Sources */ = {isa = PBXBuildFile; fileRef = 85707AB71FE769AD00BD978F /* UserSignUp.swift */; };
		85707ABB1FE7B62700BD978F /* CameraController.swift in Sources */ = {isa = PBXBuildFile; fileRef = 85707ABA1FE7B62700BD978F /* CameraController.swift */; };
		85752E071FE486D30002EC3D /* LoginController.swift in Sources */ = {isa = PBXBuildFile; fileRef = 85752E061FE486D30002EC3D /* LoginController.swift */; };
		85752E0A1FE4AB8D0002EC3D /* PhotoSelectorController.swift in Sources */ = {isa = PBXBuildFile; fileRef = 85752E091FE4AB8D0002EC3D /* PhotoSelectorController.swift */; };
		85752E0C1FE4B4DE0002EC3D /* PhotoSelectorCell.swift in Sources */ = {isa = PBXBuildFile; fileRef = 85752E0B1FE4B4DE0002EC3D /* PhotoSelectorCell.swift */; };
		85752E0E1FE4BA0C0002EC3D /* PhotoSelectorHeader.swift in Sources */ = {isa = PBXBuildFile; fileRef = 85752E0D1FE4BA0C0002EC3D /* PhotoSelectorHeader.swift */; };
		85752E131FE61C2E0002EC3D /* Post.swift in Sources */ = {isa = PBXBuildFile; fileRef = 85752E121FE61C2E0002EC3D /* Post.swift */; };
		85752E151FE61ECC0002EC3D /* UserProfilePhotoCell.swift in Sources */ = {isa = PBXBuildFile; fileRef = 85752E141FE61ECC0002EC3D /* UserProfilePhotoCell.swift */; };
		85752E171FE623D60002EC3D /* CustomImageView.swift in Sources */ = {isa = PBXBuildFile; fileRef = 85752E161FE623D60002EC3D /* CustomImageView.swift */; };
		85752E1A1FE6474A0002EC3D /* DetailPostController.swift in Sources */ = {isa = PBXBuildFile; fileRef = 85752E191FE6474A0002EC3D /* DetailPostController.swift */; };
		85752E1C1FE648D40002EC3D /* DetailPostCell.swift in Sources */ = {isa = PBXBuildFile; fileRef = 85752E1B1FE648D40002EC3D /* DetailPostCell.swift */; };
		85752E1E1FE65E3D0002EC3D /* User.swift in Sources */ = {isa = PBXBuildFile; fileRef = 85752E1D1FE65E3D0002EC3D /* User.swift */; };
		85752E231FE70FAD0002EC3D /* UserSearchController.swift in Sources */ = {isa = PBXBuildFile; fileRef = 85752E221FE70FAD0002EC3D /* UserSearchController.swift */; };
		85752E251FE713B90002EC3D /* UserSearchCell.swift in Sources */ = {isa = PBXBuildFile; fileRef = 85752E241FE713B90002EC3D /* UserSearchCell.swift */; };
		858E90821FE2267800E0D8A7 /* AppDelegate.swift in Sources */ = {isa = PBXBuildFile; fileRef = 858E90811FE2267800E0D8A7 /* AppDelegate.swift */; };
		858E90891FE2267800E0D8A7 /* Assets.xcassets in Resources */ = {isa = PBXBuildFile; fileRef = 858E90881FE2267800E0D8A7 /* Assets.xcassets */; };
		858E908C1FE2267800E0D8A7 /* LaunchScreen.storyboard in Resources */ = {isa = PBXBuildFile; fileRef = 858E908A1FE2267800E0D8A7 /* LaunchScreen.storyboard */; };
		85C25882200D06AB00419976 /* ShareStatue.swift in Sources */ = {isa = PBXBuildFile; fileRef = 85C25881200D06AB00419976 /* ShareStatue.swift */; };
		85CF3A54200F27150035F778 /* StatueDetailSheetController.swift in Sources */ = {isa = PBXBuildFile; fileRef = 85CF3A53200F27150035F778 /* StatueDetailSheetController.swift */; };
		85D006271FE9B6FF00D5463A /* PhotoSelectorTabBarController.swift in Sources */ = {isa = PBXBuildFile; fileRef = 85D006261FE9B6FF00D5463A /* PhotoSelectorTabBarController.swift */; };
		85D006291FE9B7E100D5463A /* PhotoSelectorCameraController.swift in Sources */ = {isa = PBXBuildFile; fileRef = 85D006281FE9B7E100D5463A /* PhotoSelectorCameraController.swift */; };
		85D0062D1FE9C48300D5463A /* PhotoSelectorPreviewPhotoContainerView.swift in Sources */ = {isa = PBXBuildFile; fileRef = 85D0062C1FE9C48300D5463A /* PhotoSelectorPreviewPhotoContainerView.swift */; };
		85D9679E1FE863F100AF82A6 /* PreviewPhotoContainerView.swift in Sources */ = {isa = PBXBuildFile; fileRef = 85D9679D1FE863F100AF82A6 /* PreviewPhotoContainerView.swift */; };
		85D967A01FE86D3100AF82A6 /* CustomAnimationPresentor.swift in Sources */ = {isa = PBXBuildFile; fileRef = 85D9679F1FE86D3100AF82A6 /* CustomAnimationPresentor.swift */; };
		85D967A21FE86FE000AF82A6 /* CustomAnimationDismisser.swift in Sources */ = {isa = PBXBuildFile; fileRef = 85D967A11FE86FE000AF82A6 /* CustomAnimationDismisser.swift */; };
		85D967A51FE8743F00AF82A6 /* CommentsController.swift in Sources */ = {isa = PBXBuildFile; fileRef = 85D967A41FE8743F00AF82A6 /* CommentsController.swift */; };
		85D967A71FE881D200AF82A6 /* CommentCell.swift in Sources */ = {isa = PBXBuildFile; fileRef = 85D967A61FE881D200AF82A6 /* CommentCell.swift */; };
		85D967A91FE8844300AF82A6 /* Comment.swift in Sources */ = {isa = PBXBuildFile; fileRef = 85D967A81FE8844300AF82A6 /* Comment.swift */; };
		85D98F4B1FF87DB5000C8F2D /* ShareController.swift in Sources */ = {isa = PBXBuildFile; fileRef = 85D98F4A1FF87DB5000C8F2D /* ShareController.swift */; };
		85E8DF151FE371AB00E6FBD6 /* MainTabBarController.swift in Sources */ = {isa = PBXBuildFile; fileRef = 85E8DF141FE371AB00E6FBD6 /* MainTabBarController.swift */; };
		85E8DF171FE372A600E6FBD6 /* UserProfileController.swift in Sources */ = {isa = PBXBuildFile; fileRef = 85E8DF161FE372A600E6FBD6 /* UserProfileController.swift */; };
		85E8DF191FE375D700E6FBD6 /* SignUpController.swift in Sources */ = {isa = PBXBuildFile; fileRef = 85E8DF181FE375D700E6FBD6 /* SignUpController.swift */; };
		85E8DF1C1FE45E3B00E6FBD6 /* UserProfileHeader.swift in Sources */ = {isa = PBXBuildFile; fileRef = 85E8DF1B1FE45E3B00E6FBD6 /* UserProfileHeader.swift */; };
		85E8DF1E1FE466BF00E6FBD6 /* Main.storyboard in Resources */ = {isa = PBXBuildFile; fileRef = 85E8DF1D1FE466BF00E6FBD6 /* Main.storyboard */; };
		85EAD43B1FEB2576004EDE5E /* HomeCollectionController.swift in Sources */ = {isa = PBXBuildFile; fileRef = 85EAD43A1FEB2576004EDE5E /* HomeCollectionController.swift */; };
		85EAD43D1FEB288D004EDE5E /* HomeCollectionPostCell.swift in Sources */ = {isa = PBXBuildFile; fileRef = 85EAD43C1FEB288D004EDE5E /* HomeCollectionPostCell.swift */; };
		85EAD4401FEB5091004EDE5E /* MapController.swift in Sources */ = {isa = PBXBuildFile; fileRef = 85EAD43F1FEB5091004EDE5E /* MapController.swift */; };
		85EAD4421FEB5769004EDE5E /* Statue.swift in Sources */ = {isa = PBXBuildFile; fileRef = 85EAD4411FEB5769004EDE5E /* Statue.swift */; };
		85EAD4441FEB6A5C004EDE5E /* StatueMarkerView.swift in Sources */ = {isa = PBXBuildFile; fileRef = 85EAD4431FEB6A5C004EDE5E /* StatueMarkerView.swift */; };
		85EAD4461FEB8379004EDE5E /* StatueSelectionController.swift in Sources */ = {isa = PBXBuildFile; fileRef = 85EAD4451FEB8379004EDE5E /* StatueSelectionController.swift */; };
		85EAD44D1FEB9679004EDE5E /* StatueSelectionCell.swift in Sources */ = {isa = PBXBuildFile; fileRef = 85EAD44C1FEB9679004EDE5E /* StatueSelectionCell.swift */; };
		85EAD4511FEC8D27004EDE5E /* GetUser.swift in Sources */ = {isa = PBXBuildFile; fileRef = 85EAD4501FEC8D27004EDE5E /* GetUser.swift */; };
		85EAD4531FEC997E004EDE5E /* Disk.swift in Sources */ = {isa = PBXBuildFile; fileRef = 85EAD4521FEC997E004EDE5E /* Disk.swift */; };
		85EAD4561FEEEC95004EDE5E /* LogInUser.swift in Sources */ = {isa = PBXBuildFile; fileRef = 85EAD4551FEEEC95004EDE5E /* LogInUser.swift */; };
		85EAD45A1FEF4639004EDE5E /* DecodeUtilities.swift in Sources */ = {isa = PBXBuildFile; fileRef = 85EAD4591FEF4639004EDE5E /* DecodeUtilities.swift */; };
		85EAD45E1FF0365F004EDE5E /* CustomUserError.swift in Sources */ = {isa = PBXBuildFile; fileRef = 85EAD45D1FF0365F004EDE5E /* CustomUserError.swift */; };
		F2253E8B2C0AD0B761FE8511 /* Pods_M_I_L_k.framework in Frameworks */ = {isa = PBXBuildFile; fileRef = D48CB045CE0BC5627620DDC7 /* Pods_M_I_L_k.framework */; };
/* End PBXBuildFile section */

/* Begin PBXFileReference section */
		23655FF85493B5172957D3DB /* Pods-M.I.L.k.release.xcconfig */ = {isa = PBXFileReference; includeInIndex = 1; lastKnownFileType = text.xcconfig; name = "Pods-M.I.L.k.release.xcconfig"; path = "Pods/Target Support Files/Pods-M.I.L.k/Pods-M.I.L.k.release.xcconfig"; sourceTree = "<group>"; };
		4F0A40B020E14A48004D2CA1 /* Settings.swift */ = {isa = PBXFileReference; lastKnownFileType = sourcecode.swift; path = Settings.swift; sourceTree = "<group>"; };
		4F0A40B320E18A0C004D2CA1 /* SettingCell.swift */ = {isa = PBXFileReference; lastKnownFileType = sourcecode.swift; path = SettingCell.swift; sourceTree = "<group>"; };
		4F0A40B520E18A1C004D2CA1 /* SettingHeader.swift */ = {isa = PBXFileReference; lastKnownFileType = sourcecode.swift; path = SettingHeader.swift; sourceTree = "<group>"; };
		4F1ADB7820F1E2C000EA96B6 /* api.swift */ = {isa = PBXFileReference; lastKnownFileType = sourcecode.swift; path = api.swift; sourceTree = "<group>"; };
		4F1ADB7A20F1E37300EA96B6 /* constants.swift */ = {isa = PBXFileReference; lastKnownFileType = sourcecode.swift; path = constants.swift; sourceTree = "<group>"; };
		4F1ADB7C20F297BD00EA96B6 /* ReadPost.swift */ = {isa = PBXFileReference; lastKnownFileType = sourcecode.swift; path = ReadPost.swift; sourceTree = "<group>"; };
		4F1ADB7E20F2CD8A00EA96B6 /* Image.swift */ = {isa = PBXFileReference; lastKnownFileType = sourcecode.swift; path = Image.swift; sourceTree = "<group>"; };
		4F1ADB8020F2CD9A00EA96B6 /* Like.swift */ = {isa = PBXFileReference; lastKnownFileType = sourcecode.swift; path = Like.swift; sourceTree = "<group>"; };
		4F1ADB8220F2CF1200EA96B6 /* Error.swift */ = {isa = PBXFileReference; lastKnownFileType = sourcecode.swift; path = Error.swift; sourceTree = "<group>"; };
		4F1C70F820DD6C3000BAB483 /* Constants.swift */ = {isa = PBXFileReference; lastKnownFileType = sourcecode.swift; path = Constants.swift; sourceTree = "<group>"; };
		4F64120B20F4352900975F63 /* CreateLike.swift */ = {isa = PBXFileReference; lastKnownFileType = sourcecode.swift; path = CreateLike.swift; sourceTree = "<group>"; };
		4F64121420F5124700975F63 /* ReadStatue.swift */ = {isa = PBXFileReference; lastKnownFileType = sourcecode.swift; path = ReadStatue.swift; sourceTree = "<group>"; };
		4F64121620F5128E00975F63 /* StatueModel.swift */ = {isa = PBXFileReference; lastKnownFileType = sourcecode.swift; path = StatueModel.swift; sourceTree = "<group>"; };
		4F64121B20F540FB00975F63 /* Store.swift */ = {isa = PBXFileReference; lastKnownFileType = sourcecode.swift; path = Store.swift; sourceTree = "<group>"; };
		4FBA78E420E01140002D503C /* awsconfiguration.json */ = {isa = PBXFileReference; fileEncoding = 4; lastKnownFileType = text.json; path = awsconfiguration.json; sourceTree = "<group>"; };
		852800001FF5FB9E00FD908F /* FSCameraView.swift */ = {isa = PBXFileReference; fileEncoding = 4; lastKnownFileType = sourcecode.swift; path = FSCameraView.swift; sourceTree = "<group>"; };
		852800011FF5FB9E00FD908F /* FSCameraView.xib */ = {isa = PBXFileReference; fileEncoding = 4; lastKnownFileType = file.xib; path = FSCameraView.xib; sourceTree = "<group>"; };
		852800021FF5FB9E00FD908F /* FSImageCropView.swift */ = {isa = PBXFileReference; fileEncoding = 4; lastKnownFileType = sourcecode.swift; path = FSImageCropView.swift; sourceTree = "<group>"; };
		852800031FF5FB9E00FD908F /* FusumaViewController.swift.orig */ = {isa = PBXFileReference; fileEncoding = 4; lastKnownFileType = text; path = FusumaViewController.swift.orig; sourceTree = "<group>"; };
		852800041FF5FB9E00FD908F /* FSAlbumView.swift */ = {isa = PBXFileReference; fileEncoding = 4; lastKnownFileType = sourcecode.swift; path = FSAlbumView.swift; sourceTree = "<group>"; };
		852800051FF5FB9E00FD908F /* FSConstants.swift */ = {isa = PBXFileReference; fileEncoding = 4; lastKnownFileType = sourcecode.swift; path = FSConstants.swift; sourceTree = "<group>"; };
		852800061FF5FB9E00FD908F /* FSVideoCameraView.swift */ = {isa = PBXFileReference; fileEncoding = 4; lastKnownFileType = sourcecode.swift; path = FSVideoCameraView.swift; sourceTree = "<group>"; };
		852800071FF5FB9E00FD908F /* FusumaViewController.xib */ = {isa = PBXFileReference; fileEncoding = 4; lastKnownFileType = file.xib; path = FusumaViewController.xib; sourceTree = "<group>"; };
		852800081FF5FB9F00FD908F /* FusumaViewController.swift */ = {isa = PBXFileReference; fileEncoding = 4; lastKnownFileType = sourcecode.swift; path = FusumaViewController.swift; sourceTree = "<group>"; };
		8528FFFC1FF5FB9D00FD908F /* FSAlbumViewCell.swift */ = {isa = PBXFileReference; fileEncoding = 4; lastKnownFileType = sourcecode.swift; path = FSAlbumViewCell.swift; sourceTree = "<group>"; };
		8528FFFD1FF5FB9E00FD908F /* FSAlbumViewCell.xib */ = {isa = PBXFileReference; fileEncoding = 4; lastKnownFileType = file.xib; path = FSAlbumViewCell.xib; sourceTree = "<group>"; };
		8528FFFE1FF5FB9E00FD908F /* FSAlbumView.xib */ = {isa = PBXFileReference; fileEncoding = 4; lastKnownFileType = file.xib; path = FSAlbumView.xib; sourceTree = "<group>"; };
		8528FFFF1FF5FB9E00FD908F /* FSVideoCameraView.xib */ = {isa = PBXFileReference; fileEncoding = 4; lastKnownFileType = file.xib; path = FSVideoCameraView.xib; sourceTree = "<group>"; };
		853E18A2200D6C0C004AE42C /* TitlesAndFonts.swift */ = {isa = PBXFileReference; lastKnownFileType = sourcecode.swift; path = TitlesAndFonts.swift; sourceTree = "<group>"; };
		8544270B1FF4340800D81665 /* CreatePost.swift */ = {isa = PBXFileReference; lastKnownFileType = sourcecode.swift; path = CreatePost.swift; sourceTree = "<group>"; };
		8544270D1FF4345700D81665 /* LogoutUser.swift */ = {isa = PBXFileReference; lastKnownFileType = sourcecode.swift; path = LogoutUser.swift; sourceTree = "<group>"; };
		8544270F1FF43CB100D81665 /* CreateComment.swift */ = {isa = PBXFileReference; lastKnownFileType = sourcecode.swift; path = CreateComment.swift; sourceTree = "<group>"; };
		854827701FE34E7A007031E7 /* Extensions.swift */ = {isa = PBXFileReference; lastKnownFileType = sourcecode.swift; path = Extensions.swift; sourceTree = "<group>"; };
		856CD006201259AC00C47D5A /* UserProfileFactHeader.swift */ = {isa = PBXFileReference; fileEncoding = 4; lastKnownFileType = sourcecode.swift; path = UserProfileFactHeader.swift; sourceTree = "<group>"; };
		856CD007201259AD00C47D5A /* UserProfileFactCell.swift */ = {isa = PBXFileReference; fileEncoding = 4; lastKnownFileType = sourcecode.swift; path = UserProfileFactCell.swift; sourceTree = "<group>"; };
		856CD00B2012622A00C47D5A /* FactsModel.swift */ = {isa = PBXFileReference; lastKnownFileType = sourcecode.swift; path = FactsModel.swift; sourceTree = "<group>"; };
		856CD00D2012624600C47D5A /* UserProfileViewModel.swift */ = {isa = PBXFileReference; lastKnownFileType = sourcecode.swift; path = UserProfileViewModel.swift; sourceTree = "<group>"; };
		856CD00F2012687400C47D5A /* ProfileModel.swift */ = {isa = PBXFileReference; lastKnownFileType = sourcecode.swift; path = ProfileModel.swift; sourceTree = "<group>"; };
		85707AB71FE769AD00BD978F /* UserSignUp.swift */ = {isa = PBXFileReference; lastKnownFileType = sourcecode.swift; path = UserSignUp.swift; sourceTree = "<group>"; };
		85707ABA1FE7B62700BD978F /* CameraController.swift */ = {isa = PBXFileReference; lastKnownFileType = sourcecode.swift; path = CameraController.swift; sourceTree = "<group>"; };
		85752E061FE486D30002EC3D /* LoginController.swift */ = {isa = PBXFileReference; lastKnownFileType = sourcecode.swift; path = LoginController.swift; sourceTree = "<group>"; };
		85752E091FE4AB8D0002EC3D /* PhotoSelectorController.swift */ = {isa = PBXFileReference; lastKnownFileType = sourcecode.swift; path = PhotoSelectorController.swift; sourceTree = "<group>"; };
		85752E0B1FE4B4DE0002EC3D /* PhotoSelectorCell.swift */ = {isa = PBXFileReference; lastKnownFileType = sourcecode.swift; path = PhotoSelectorCell.swift; sourceTree = "<group>"; };
		85752E0D1FE4BA0C0002EC3D /* PhotoSelectorHeader.swift */ = {isa = PBXFileReference; lastKnownFileType = sourcecode.swift; path = PhotoSelectorHeader.swift; sourceTree = "<group>"; };
		85752E121FE61C2E0002EC3D /* Post.swift */ = {isa = PBXFileReference; lastKnownFileType = sourcecode.swift; path = Post.swift; sourceTree = "<group>"; };
		85752E141FE61ECC0002EC3D /* UserProfilePhotoCell.swift */ = {isa = PBXFileReference; lastKnownFileType = sourcecode.swift; path = UserProfilePhotoCell.swift; sourceTree = "<group>"; };
		85752E161FE623D60002EC3D /* CustomImageView.swift */ = {isa = PBXFileReference; lastKnownFileType = sourcecode.swift; path = CustomImageView.swift; sourceTree = "<group>"; };
		85752E191FE6474A0002EC3D /* DetailPostController.swift */ = {isa = PBXFileReference; lastKnownFileType = sourcecode.swift; path = DetailPostController.swift; sourceTree = "<group>"; };
		85752E1B1FE648D40002EC3D /* DetailPostCell.swift */ = {isa = PBXFileReference; lastKnownFileType = sourcecode.swift; path = DetailPostCell.swift; sourceTree = "<group>"; };
		85752E1D1FE65E3D0002EC3D /* User.swift */ = {isa = PBXFileReference; lastKnownFileType = sourcecode.swift; path = User.swift; sourceTree = "<group>"; };
		85752E221FE70FAD0002EC3D /* UserSearchController.swift */ = {isa = PBXFileReference; lastKnownFileType = sourcecode.swift; path = UserSearchController.swift; sourceTree = "<group>"; };
		85752E241FE713B90002EC3D /* UserSearchCell.swift */ = {isa = PBXFileReference; lastKnownFileType = sourcecode.swift; path = UserSearchCell.swift; sourceTree = "<group>"; };
		858E907E1FE2267800E0D8A7 /* M.I.L.k.app */ = {isa = PBXFileReference; explicitFileType = wrapper.application; includeInIndex = 0; path = M.I.L.k.app; sourceTree = BUILT_PRODUCTS_DIR; };
		858E90811FE2267800E0D8A7 /* AppDelegate.swift */ = {isa = PBXFileReference; lastKnownFileType = sourcecode.swift; path = AppDelegate.swift; sourceTree = "<group>"; };
		858E90881FE2267800E0D8A7 /* Assets.xcassets */ = {isa = PBXFileReference; lastKnownFileType = folder.assetcatalog; path = Assets.xcassets; sourceTree = "<group>"; };
		858E908B1FE2267800E0D8A7 /* Base */ = {isa = PBXFileReference; lastKnownFileType = file.storyboard; name = Base; path = Base.lproj/LaunchScreen.storyboard; sourceTree = "<group>"; };
		858E908D1FE2267800E0D8A7 /* Info.plist */ = {isa = PBXFileReference; lastKnownFileType = text.plist.xml; path = Info.plist; sourceTree = "<group>"; };
		85C25881200D06AB00419976 /* ShareStatue.swift */ = {isa = PBXFileReference; lastKnownFileType = sourcecode.swift; path = ShareStatue.swift; sourceTree = "<group>"; };
		85CF3A53200F27150035F778 /* StatueDetailSheetController.swift */ = {isa = PBXFileReference; lastKnownFileType = sourcecode.swift; path = StatueDetailSheetController.swift; sourceTree = "<group>"; };
		85D006261FE9B6FF00D5463A /* PhotoSelectorTabBarController.swift */ = {isa = PBXFileReference; lastKnownFileType = sourcecode.swift; path = PhotoSelectorTabBarController.swift; sourceTree = "<group>"; };
		85D006281FE9B7E100D5463A /* PhotoSelectorCameraController.swift */ = {isa = PBXFileReference; lastKnownFileType = sourcecode.swift; path = PhotoSelectorCameraController.swift; sourceTree = "<group>"; };
		85D0062C1FE9C48300D5463A /* PhotoSelectorPreviewPhotoContainerView.swift */ = {isa = PBXFileReference; lastKnownFileType = sourcecode.swift; path = PhotoSelectorPreviewPhotoContainerView.swift; sourceTree = "<group>"; };
		85D9679D1FE863F100AF82A6 /* PreviewPhotoContainerView.swift */ = {isa = PBXFileReference; lastKnownFileType = sourcecode.swift; path = PreviewPhotoContainerView.swift; sourceTree = "<group>"; };
		85D9679F1FE86D3100AF82A6 /* CustomAnimationPresentor.swift */ = {isa = PBXFileReference; lastKnownFileType = sourcecode.swift; path = CustomAnimationPresentor.swift; sourceTree = "<group>"; };
		85D967A11FE86FE000AF82A6 /* CustomAnimationDismisser.swift */ = {isa = PBXFileReference; lastKnownFileType = sourcecode.swift; path = CustomAnimationDismisser.swift; sourceTree = "<group>"; };
		85D967A41FE8743F00AF82A6 /* CommentsController.swift */ = {isa = PBXFileReference; lastKnownFileType = sourcecode.swift; path = CommentsController.swift; sourceTree = "<group>"; };
		85D967A61FE881D200AF82A6 /* CommentCell.swift */ = {isa = PBXFileReference; lastKnownFileType = sourcecode.swift; path = CommentCell.swift; sourceTree = "<group>"; };
		85D967A81FE8844300AF82A6 /* Comment.swift */ = {isa = PBXFileReference; lastKnownFileType = sourcecode.swift; path = Comment.swift; sourceTree = "<group>"; };
		85D98F4A1FF87DB5000C8F2D /* ShareController.swift */ = {isa = PBXFileReference; lastKnownFileType = sourcecode.swift; path = ShareController.swift; sourceTree = "<group>"; };
		85E8DF141FE371AB00E6FBD6 /* MainTabBarController.swift */ = {isa = PBXFileReference; lastKnownFileType = sourcecode.swift; path = MainTabBarController.swift; sourceTree = "<group>"; };
		85E8DF161FE372A600E6FBD6 /* UserProfileController.swift */ = {isa = PBXFileReference; lastKnownFileType = sourcecode.swift; path = UserProfileController.swift; sourceTree = "<group>"; };
		85E8DF181FE375D700E6FBD6 /* SignUpController.swift */ = {isa = PBXFileReference; lastKnownFileType = sourcecode.swift; path = SignUpController.swift; sourceTree = "<group>"; };
		85E8DF1B1FE45E3B00E6FBD6 /* UserProfileHeader.swift */ = {isa = PBXFileReference; lastKnownFileType = sourcecode.swift; path = UserProfileHeader.swift; sourceTree = "<group>"; };
		85E8DF1D1FE466BF00E6FBD6 /* Main.storyboard */ = {isa = PBXFileReference; lastKnownFileType = file.storyboard; path = Main.storyboard; sourceTree = "<group>"; };
		85EAD43A1FEB2576004EDE5E /* HomeCollectionController.swift */ = {isa = PBXFileReference; lastKnownFileType = sourcecode.swift; path = HomeCollectionController.swift; sourceTree = "<group>"; };
		85EAD43C1FEB288D004EDE5E /* HomeCollectionPostCell.swift */ = {isa = PBXFileReference; lastKnownFileType = sourcecode.swift; path = HomeCollectionPostCell.swift; sourceTree = "<group>"; };
		85EAD43F1FEB5091004EDE5E /* MapController.swift */ = {isa = PBXFileReference; lastKnownFileType = sourcecode.swift; path = MapController.swift; sourceTree = "<group>"; };
		85EAD4411FEB5769004EDE5E /* Statue.swift */ = {isa = PBXFileReference; lastKnownFileType = sourcecode.swift; path = Statue.swift; sourceTree = "<group>"; };
		85EAD4431FEB6A5C004EDE5E /* StatueMarkerView.swift */ = {isa = PBXFileReference; lastKnownFileType = sourcecode.swift; path = StatueMarkerView.swift; sourceTree = "<group>"; };
		85EAD4451FEB8379004EDE5E /* StatueSelectionController.swift */ = {isa = PBXFileReference; lastKnownFileType = sourcecode.swift; path = StatueSelectionController.swift; sourceTree = "<group>"; };
		85EAD44C1FEB9679004EDE5E /* StatueSelectionCell.swift */ = {isa = PBXFileReference; lastKnownFileType = sourcecode.swift; path = StatueSelectionCell.swift; sourceTree = "<group>"; };
		85EAD4501FEC8D27004EDE5E /* GetUser.swift */ = {isa = PBXFileReference; lastKnownFileType = sourcecode.swift; path = GetUser.swift; sourceTree = "<group>"; };
		85EAD4521FEC997E004EDE5E /* Disk.swift */ = {isa = PBXFileReference; lastKnownFileType = sourcecode.swift; path = Disk.swift; sourceTree = "<group>"; };
		85EAD4551FEEEC95004EDE5E /* LogInUser.swift */ = {isa = PBXFileReference; lastKnownFileType = sourcecode.swift; path = LogInUser.swift; sourceTree = "<group>"; };
		85EAD4591FEF4639004EDE5E /* DecodeUtilities.swift */ = {isa = PBXFileReference; lastKnownFileType = sourcecode.swift; path = DecodeUtilities.swift; sourceTree = "<group>"; };
		85EAD45D1FF0365F004EDE5E /* CustomUserError.swift */ = {isa = PBXFileReference; lastKnownFileType = sourcecode.swift; path = CustomUserError.swift; sourceTree = "<group>"; };
		C4E70E6CCF18EE6FB5CCCA3F /* Pods-M.I.L.k.debug.xcconfig */ = {isa = PBXFileReference; includeInIndex = 1; lastKnownFileType = text.xcconfig; name = "Pods-M.I.L.k.debug.xcconfig"; path = "Pods/Target Support Files/Pods-M.I.L.k/Pods-M.I.L.k.debug.xcconfig"; sourceTree = "<group>"; };
		D48CB045CE0BC5627620DDC7 /* Pods_M_I_L_k.framework */ = {isa = PBXFileReference; explicitFileType = wrapper.framework; includeInIndex = 0; path = Pods_M_I_L_k.framework; sourceTree = BUILT_PRODUCTS_DIR; };
/* End PBXFileReference section */

/* Begin PBXFrameworksBuildPhase section */
		858E907B1FE2267800E0D8A7 /* Frameworks */ = {
			isa = PBXFrameworksBuildPhase;
			buildActionMask = 2147483647;
			files = (
				F2253E8B2C0AD0B761FE8511 /* Pods_M_I_L_k.framework in Frameworks */,
			);
			runOnlyForDeploymentPostprocessing = 0;
		};
/* End PBXFrameworksBuildPhase section */

/* Begin PBXGroup section */
		4F0A40B220E1896B004D2CA1 /* Settings */ = {
			isa = PBXGroup;
			children = (
				4F0A40B020E14A48004D2CA1 /* Settings.swift */,
				4F0A40B320E18A0C004D2CA1 /* SettingCell.swift */,
				4F0A40B520E18A1C004D2CA1 /* SettingHeader.swift */,
			);
			path = Settings;
			sourceTree = "<group>";
		};
		4F64120D20F50FF000975F63 /* Data */ = {
			isa = PBXGroup;
			children = (
				85EAD4591FEF4639004EDE5E /* DecodeUtilities.swift */,
				4F1ADB7820F1E2C000EA96B6 /* api.swift */,
				4F1ADB7A20F1E37300EA96B6 /* constants.swift */,
				4F64121B20F540FB00975F63 /* Store.swift */,
				85EAD4521FEC997E004EDE5E /* Disk.swift */,
				4F64121320F5105700975F63 /* user */,
				4F64121220F5103200975F63 /* fact */,
				4F64121120F5102600975F63 /* statue */,
				4F64120E20F5100D00975F63 /* post */,
			);
			path = Data;
			sourceTree = "<group>";
		};
		4F64120E20F5100D00975F63 /* post */ = {
			isa = PBXGroup;
			children = (
				4F64120B20F4352900975F63 /* CreateLike.swift */,
				8544270F1FF43CB100D81665 /* CreateComment.swift */,
				8544270B1FF4340800D81665 /* CreatePost.swift */,
				4F1ADB7C20F297BD00EA96B6 /* ReadPost.swift */,
			);
			path = post;
			sourceTree = "<group>";
		};
		4F64121120F5102600975F63 /* statue */ = {
			isa = PBXGroup;
			children = (
				4F64121420F5124700975F63 /* ReadStatue.swift */,
			);
			path = statue;
			sourceTree = "<group>";
		};
		4F64121220F5103200975F63 /* fact */ = {
			isa = PBXGroup;
			children = (
			);
			path = fact;
			sourceTree = "<group>";
		};
		4F64121320F5105700975F63 /* user */ = {
			isa = PBXGroup;
			children = (
				8544270D1FF4345700D81665 /* LogoutUser.swift */,
				85707AB71FE769AD00BD978F /* UserSignUp.swift */,
				85EAD4551FEEEC95004EDE5E /* LogInUser.swift */,
				85EAD4501FEC8D27004EDE5E /* GetUser.swift */,
			);
			path = user;
			sourceTree = "<group>";
		};
		4F64121820F513D300975F63 /* Detail */ = {
			isa = PBXGroup;
			children = (
				85752E191FE6474A0002EC3D /* DetailPostController.swift */,
				85752E1B1FE648D40002EC3D /* DetailPostCell.swift */,
			);
			path = Detail;
			sourceTree = "<group>";
		};
		4FA149DE20DC6ED2003F9563 /* Supporting Files */ = {
			isa = PBXGroup;
			children = (
				4FBA78E420E01140002D503C /* awsconfiguration.json */,
				858E908D1FE2267800E0D8A7 /* Info.plist */,
			);
			path = "Supporting Files";
			sourceTree = "<group>";
		};
		8528FFE11FF5DA6B00FD908F /* FusumaCamera */ = {
			isa = PBXGroup;
			children = (
				852800041FF5FB9E00FD908F /* FSAlbumView.swift */,
				8528FFFE1FF5FB9E00FD908F /* FSAlbumView.xib */,
				8528FFFC1FF5FB9D00FD908F /* FSAlbumViewCell.swift */,
				8528FFFD1FF5FB9E00FD908F /* FSAlbumViewCell.xib */,
				852800001FF5FB9E00FD908F /* FSCameraView.swift */,
				852800011FF5FB9E00FD908F /* FSCameraView.xib */,
				852800051FF5FB9E00FD908F /* FSConstants.swift */,
				852800021FF5FB9E00FD908F /* FSImageCropView.swift */,
				852800061FF5FB9E00FD908F /* FSVideoCameraView.swift */,
				8528FFFF1FF5FB9E00FD908F /* FSVideoCameraView.xib */,
				852800081FF5FB9F00FD908F /* FusumaViewController.swift */,
				852800031FF5FB9E00FD908F /* FusumaViewController.swift.orig */,
				852800071FF5FB9E00FD908F /* FusumaViewController.xib */,
			);
			path = FusumaCamera;
			sourceTree = "<group>";
		};
		8548276F1FE34E6A007031E7 /* Utils */ = {
			isa = PBXGroup;
			children = (
				854827701FE34E7A007031E7 /* Extensions.swift */,
				85752E161FE623D60002EC3D /* CustomImageView.swift */,
				85EAD45D1FF0365F004EDE5E /* CustomUserError.swift */,
				853E18A2200D6C0C004AE42C /* TitlesAndFonts.swift */,
			);
			path = Utils;
			sourceTree = "<group>";
		};
		856CD0052012598900C47D5A /* Facts */ = {
			isa = PBXGroup;
			children = (
				856CD007201259AD00C47D5A /* UserProfileFactCell.swift */,
				856CD006201259AC00C47D5A /* UserProfileFactHeader.swift */,
				856CD00B2012622A00C47D5A /* FactsModel.swift */,
			);
			path = Facts;
			sourceTree = "<group>";
		};
		85707AB91FE7B61400BD978F /* Camera */ = {
			isa = PBXGroup;
			children = (
				85707ABA1FE7B62700BD978F /* CameraController.swift */,
				85D9679D1FE863F100AF82A6 /* PreviewPhotoContainerView.swift */,
				85D9679F1FE86D3100AF82A6 /* CustomAnimationPresentor.swift */,
				85D967A11FE86FE000AF82A6 /* CustomAnimationDismisser.swift */,
			);
			path = Camera;
			sourceTree = "<group>";
		};
		85752E051FE486A20002EC3D /* Login */ = {
			isa = PBXGroup;
			children = (
				85E8DF181FE375D700E6FBD6 /* SignUpController.swift */,
				85752E061FE486D30002EC3D /* LoginController.swift */,
			);
			path = Login;
			sourceTree = "<group>";
		};
		85752E081FE4AB6C0002EC3D /* AddPhoto */ = {
			isa = PBXGroup;
			children = (
				85D98F471FF87883000C8F2D /* SharePhoto */,
				8528FFE11FF5DA6B00FD908F /* FusumaCamera */,
				85D98F461FF839F7000C8F2D /* Old Camera */,
			);
			path = AddPhoto;
			sourceTree = "<group>";
		};
		85752E111FE61C1E0002EC3D /* Models */ = {
			isa = PBXGroup;
			children = (
				85752E121FE61C2E0002EC3D /* Post.swift */,
				85752E1D1FE65E3D0002EC3D /* User.swift */,
				85D967A81FE8844300AF82A6 /* Comment.swift */,
				4F1ADB7E20F2CD8A00EA96B6 /* Image.swift */,
				4F1ADB8020F2CD9A00EA96B6 /* Like.swift */,
				4F1ADB8220F2CF1200EA96B6 /* Error.swift */,
				4F64121620F5128E00975F63 /* StatueModel.swift */,
			);
			path = Models;
			sourceTree = "<group>";
		};
		85752E181FE6473C0002EC3D /* Home */ = {
			isa = PBXGroup;
			children = (
				85EAD43A1FEB2576004EDE5E /* HomeCollectionController.swift */,
				85EAD43C1FEB288D004EDE5E /* HomeCollectionPostCell.swift */,
			);
			path = Home;
			sourceTree = "<group>";
		};
		85752E211FE70F310002EC3D /* Search */ = {
			isa = PBXGroup;
			children = (
				85752E221FE70FAD0002EC3D /* UserSearchController.swift */,
				85752E241FE713B90002EC3D /* UserSearchCell.swift */,
			);
			path = Search;
			sourceTree = "<group>";
		};
		858E90751FE2267800E0D8A7 = {
			isa = PBXGroup;
			children = (
				858E90801FE2267800E0D8A7 /* M.I.L.k */,
				858E907F1FE2267800E0D8A7 /* Products */,
				E4A77AD98EA0FD7A3E83B345 /* Pods */,
				E08501F618A544AB08BBC53A /* Frameworks */,
			);
			sourceTree = "<group>";
		};
		858E907F1FE2267800E0D8A7 /* Products */ = {
			isa = PBXGroup;
			children = (
				858E907E1FE2267800E0D8A7 /* M.I.L.k.app */,
			);
			name = Products;
			sourceTree = "<group>";
		};
		858E90801FE2267800E0D8A7 /* M.I.L.k */ = {
			isa = PBXGroup;
			children = (
				4F64121820F513D300975F63 /* Detail */,
				85EAD43E1FEB5083004EDE5E /* Map */,
				85D967A31FE8743000AF82A6 /* Comment */,
				85707AB91FE7B61400BD978F /* Camera */,
				85752E211FE70F310002EC3D /* Search */,
				85752E181FE6473C0002EC3D /* Home */,
				85752E111FE61C1E0002EC3D /* Models */,
				85752E081FE4AB6C0002EC3D /* AddPhoto */,
				85752E051FE486A20002EC3D /* Login */,
				85E8DF1A1FE45E2C00E6FBD6 /* UserProfile */,
				4F64120D20F50FF000975F63 /* Data */,
				8548276F1FE34E6A007031E7 /* Utils */,
				4FA149DE20DC6ED2003F9563 /* Supporting Files */,
				858E90811FE2267800E0D8A7 /* AppDelegate.swift */,
				85E8DF141FE371AB00E6FBD6 /* MainTabBarController.swift */,
				858E908A1FE2267800E0D8A7 /* LaunchScreen.storyboard */,
				858E90881FE2267800E0D8A7 /* Assets.xcassets */,
				85E8DF1D1FE466BF00E6FBD6 /* Main.storyboard */,
				4F1C70F820DD6C3000BAB483 /* Constants.swift */,
			);
			path = M.I.L.k;
			sourceTree = "<group>";
		};
		85D0062A1FE9BB5100D5463A /* LibraryPhotoSelector */ = {
			isa = PBXGroup;
			children = (
				85752E0D1FE4BA0C0002EC3D /* PhotoSelectorHeader.swift */,
				85752E0B1FE4B4DE0002EC3D /* PhotoSelectorCell.swift */,
				85752E091FE4AB8D0002EC3D /* PhotoSelectorController.swift */,
			);
			path = LibraryPhotoSelector;
			sourceTree = "<group>";
		};
		85D0062B1FE9BB7800D5463A /* CameraPhotoSelector */ = {
			isa = PBXGroup;
			children = (
				85D006281FE9B7E100D5463A /* PhotoSelectorCameraController.swift */,
				85D0062C1FE9C48300D5463A /* PhotoSelectorPreviewPhotoContainerView.swift */,
			);
			path = CameraPhotoSelector;
			sourceTree = "<group>";
		};
		85D967A31FE8743000AF82A6 /* Comment */ = {
			isa = PBXGroup;
			children = (
				85D967A41FE8743F00AF82A6 /* CommentsController.swift */,
				85D967A61FE881D200AF82A6 /* CommentCell.swift */,
			);
			path = Comment;
			sourceTree = "<group>";
		};
		85D98F461FF839F7000C8F2D /* Old Camera */ = {
			isa = PBXGroup;
			children = (
				85D0062B1FE9BB7800D5463A /* CameraPhotoSelector */,
				85D0062A1FE9BB5100D5463A /* LibraryPhotoSelector */,
				85D006261FE9B6FF00D5463A /* PhotoSelectorTabBarController.swift */,
			);
			path = "Old Camera";
			sourceTree = "<group>";
		};
		85D98F471FF87883000C8F2D /* SharePhoto */ = {
			isa = PBXGroup;
			children = (
				85D98F4A1FF87DB5000C8F2D /* ShareController.swift */,
				85C25881200D06AB00419976 /* ShareStatue.swift */,
			);
			path = SharePhoto;
			sourceTree = "<group>";
		};
		85E8DF1A1FE45E2C00E6FBD6 /* UserProfile */ = {
			isa = PBXGroup;
			children = (
				4F0A40B220E1896B004D2CA1 /* Settings */,
				856CD0052012598900C47D5A /* Facts */,
				85E8DF161FE372A600E6FBD6 /* UserProfileController.swift */,
				85E8DF1B1FE45E3B00E6FBD6 /* UserProfileHeader.swift */,
				85752E141FE61ECC0002EC3D /* UserProfilePhotoCell.swift */,
				856CD00D2012624600C47D5A /* UserProfileViewModel.swift */,
				856CD00F2012687400C47D5A /* ProfileModel.swift */,
			);
			path = UserProfile;
			sourceTree = "<group>";
		};
		85EAD43E1FEB5083004EDE5E /* Map */ = {
			isa = PBXGroup;
			children = (
				85EAD4471FEB83AD004EDE5E /* StatueSelection */,
				85EAD43F1FEB5091004EDE5E /* MapController.swift */,
				85EAD4411FEB5769004EDE5E /* Statue.swift */,
				85EAD4431FEB6A5C004EDE5E /* StatueMarkerView.swift */,
				85CF3A53200F27150035F778 /* StatueDetailSheetController.swift */,
			);
			path = Map;
			sourceTree = "<group>";
		};
		85EAD4471FEB83AD004EDE5E /* StatueSelection */ = {
			isa = PBXGroup;
			children = (
				85EAD4451FEB8379004EDE5E /* StatueSelectionController.swift */,
				85EAD44C1FEB9679004EDE5E /* StatueSelectionCell.swift */,
			);
			path = StatueSelection;
			sourceTree = "<group>";
		};
		E08501F618A544AB08BBC53A /* Frameworks */ = {
			isa = PBXGroup;
			children = (
				D48CB045CE0BC5627620DDC7 /* Pods_M_I_L_k.framework */,
			);
			name = Frameworks;
			sourceTree = "<group>";
		};
		E4A77AD98EA0FD7A3E83B345 /* Pods */ = {
			isa = PBXGroup;
			children = (
				C4E70E6CCF18EE6FB5CCCA3F /* Pods-M.I.L.k.debug.xcconfig */,
				23655FF85493B5172957D3DB /* Pods-M.I.L.k.release.xcconfig */,
			);
			name = Pods;
			sourceTree = "<group>";
		};
/* End PBXGroup section */

/* Begin PBXNativeTarget section */
		858E907D1FE2267800E0D8A7 /* M.I.L.k */ = {
			isa = PBXNativeTarget;
			buildConfigurationList = 858E90901FE2267800E0D8A7 /* Build configuration list for PBXNativeTarget "M.I.L.k" */;
			buildPhases = (
				200169DB7A56BF3CDF02FA5F /* [CP] Check Pods Manifest.lock */,
				858E907A1FE2267800E0D8A7 /* Sources */,
				858E907B1FE2267800E0D8A7 /* Frameworks */,
				858E907C1FE2267800E0D8A7 /* Resources */,
				3AFB09F773DDF56E28BD26B6 /* [CP] Embed Pods Frameworks */,
			);
			buildRules = (
			);
			dependencies = (
			);
			name = M.I.L.k;
			productName = M.I.L.k;
			productReference = 858E907E1FE2267800E0D8A7 /* M.I.L.k.app */;
			productType = "com.apple.product-type.application";
		};
/* End PBXNativeTarget section */

/* Begin PBXProject section */
		858E90761FE2267800E0D8A7 /* Project object */ = {
			isa = PBXProject;
			attributes = {
				LastSwiftUpdateCheck = 0920;
				LastUpgradeCheck = 0920;
				ORGANIZATIONNAME = "noah davidson";
				TargetAttributes = {
					858E907D1FE2267800E0D8A7 = {
						CreatedOnToolsVersion = 9.2;
						ProvisioningStyle = Automatic;
					};
				};
			};
			buildConfigurationList = 858E90791FE2267800E0D8A7 /* Build configuration list for PBXProject "M.I.L.k" */;
			compatibilityVersion = "Xcode 8.0";
			developmentRegion = en;
			hasScannedForEncodings = 0;
			knownRegions = (
				en,
				Base,
			);
			mainGroup = 858E90751FE2267800E0D8A7;
			productRefGroup = 858E907F1FE2267800E0D8A7 /* Products */;
			projectDirPath = "";
			projectRoot = "";
			targets = (
				858E907D1FE2267800E0D8A7 /* M.I.L.k */,
			);
		};
/* End PBXProject section */

/* Begin PBXResourcesBuildPhase section */
		858E907C1FE2267800E0D8A7 /* Resources */ = {
			isa = PBXResourcesBuildPhase;
			buildActionMask = 2147483647;
			files = (
				4FBA78E520E01140002D503C /* awsconfiguration.json in Resources */,
				8528000C1FF5FB9F00FD908F /* FSVideoCameraView.xib in Resources */,
				852800101FF5FB9F00FD908F /* FusumaViewController.swift.orig in Resources */,
				8528000B1FF5FB9F00FD908F /* FSAlbumView.xib in Resources */,
				8528000E1FF5FB9F00FD908F /* FSCameraView.xib in Resources */,
				85E8DF1E1FE466BF00E6FBD6 /* Main.storyboard in Resources */,
				8528000A1FF5FB9F00FD908F /* FSAlbumViewCell.xib in Resources */,
				858E908C1FE2267800E0D8A7 /* LaunchScreen.storyboard in Resources */,
				852800141FF5FB9F00FD908F /* FusumaViewController.xib in Resources */,
				858E90891FE2267800E0D8A7 /* Assets.xcassets in Resources */,
			);
			runOnlyForDeploymentPostprocessing = 0;
		};
/* End PBXResourcesBuildPhase section */

/* Begin PBXShellScriptBuildPhase section */
		200169DB7A56BF3CDF02FA5F /* [CP] Check Pods Manifest.lock */ = {
			isa = PBXShellScriptBuildPhase;
			buildActionMask = 2147483647;
			files = (
			);
			inputPaths = (
				"${PODS_PODFILE_DIR_PATH}/Podfile.lock",
				"${PODS_ROOT}/Manifest.lock",
			);
			name = "[CP] Check Pods Manifest.lock";
			outputPaths = (
				"$(DERIVED_FILE_DIR)/Pods-M.I.L.k-checkManifestLockResult.txt",
			);
			runOnlyForDeploymentPostprocessing = 0;
			shellPath = /bin/sh;
			shellScript = "diff \"${PODS_PODFILE_DIR_PATH}/Podfile.lock\" \"${PODS_ROOT}/Manifest.lock\" > /dev/null\nif [ $? != 0 ] ; then\n    # print error to STDERR\n    echo \"error: The sandbox is not in sync with the Podfile.lock. Run 'pod install' or update your CocoaPods installation.\" >&2\n    exit 1\nfi\n# This output is used by Xcode 'outputs' to avoid re-running this script phase.\necho \"SUCCESS\" > \"${SCRIPT_OUTPUT_FILE_0}\"\n";
			showEnvVarsInLog = 0;
		};
		3AFB09F773DDF56E28BD26B6 /* [CP] Embed Pods Frameworks */ = {
			isa = PBXShellScriptBuildPhase;
			buildActionMask = 2147483647;
			files = (
			);
			inputPaths = (
				"${SRCROOT}/Pods/Target Support Files/Pods-M.I.L.k/Pods-M.I.L.k-frameworks.sh",
				"${BUILT_PRODUCTS_DIR}/AWSAuthCore/AWSAuthCore.framework",
				"${BUILT_PRODUCTS_DIR}/AWSCognito/AWSCognito.framework",
				"${BUILT_PRODUCTS_DIR}/AWSCore/AWSCore.framework",
				"${BUILT_PRODUCTS_DIR}/AWSMobileClient/AWSMobileClient.framework",
				"${BUILT_PRODUCTS_DIR}/AWSS3/AWSS3.framework",
				"${BUILT_PRODUCTS_DIR}/KeychainSwift/KeychainSwift.framework",
			);
			name = "[CP] Embed Pods Frameworks";
			outputPaths = (
				"${TARGET_BUILD_DIR}/${FRAMEWORKS_FOLDER_PATH}/AWSAuthCore.framework",
				"${TARGET_BUILD_DIR}/${FRAMEWORKS_FOLDER_PATH}/AWSCognito.framework",
				"${TARGET_BUILD_DIR}/${FRAMEWORKS_FOLDER_PATH}/AWSCore.framework",
				"${TARGET_BUILD_DIR}/${FRAMEWORKS_FOLDER_PATH}/AWSMobileClient.framework",
				"${TARGET_BUILD_DIR}/${FRAMEWORKS_FOLDER_PATH}/AWSS3.framework",
				"${TARGET_BUILD_DIR}/${FRAMEWORKS_FOLDER_PATH}/KeychainSwift.framework",
			);
			runOnlyForDeploymentPostprocessing = 0;
			shellPath = /bin/sh;
			shellScript = "\"${SRCROOT}/Pods/Target Support Files/Pods-M.I.L.k/Pods-M.I.L.k-frameworks.sh\"\n";
			showEnvVarsInLog = 0;
		};
/* End PBXShellScriptBuildPhase section */

/* Begin PBXSourcesBuildPhase section */
		858E907A1FE2267800E0D8A7 /* Sources */ = {
			isa = PBXSourcesBuildPhase;
			buildActionMask = 2147483647;
			files = (
				8544270E1FF4345700D81665 /* LogoutUser.swift in Sources */,
				85E8DF1C1FE45E3B00E6FBD6 /* UserProfileHeader.swift in Sources */,
				85707ABB1FE7B62700BD978F /* CameraController.swift in Sources */,
				85752E1C1FE648D40002EC3D /* DetailPostCell.swift in Sources */,
				85E8DF191FE375D700E6FBD6 /* SignUpController.swift in Sources */,
				85E8DF151FE371AB00E6FBD6 /* MainTabBarController.swift in Sources */,
				8528000F1FF5FB9F00FD908F /* FSImageCropView.swift in Sources */,
				85752E0A1FE4AB8D0002EC3D /* PhotoSelectorController.swift in Sources */,
				85752E171FE623D60002EC3D /* CustomImageView.swift in Sources */,
				4F1ADB7D20F297BD00EA96B6 /* ReadPost.swift in Sources */,
				4F1C70F920DD6C3000BAB483 /* Constants.swift in Sources */,
				4F0A40B420E18A0C004D2CA1 /* SettingCell.swift in Sources */,
				856CD008201259AD00C47D5A /* UserProfileFactHeader.swift in Sources */,
				85752E131FE61C2E0002EC3D /* Post.swift in Sources */,
				858E90821FE2267800E0D8A7 /* AppDelegate.swift in Sources */,
				856CD009201259AD00C47D5A /* UserProfileFactCell.swift in Sources */,
				85EAD4511FEC8D27004EDE5E /* GetUser.swift in Sources */,
				85EAD45E1FF0365F004EDE5E /* CustomUserError.swift in Sources */,
				85E8DF171FE372A600E6FBD6 /* UserProfileController.swift in Sources */,
				85CF3A54200F27150035F778 /* StatueDetailSheetController.swift in Sources */,
				856CD00E2012624600C47D5A /* UserProfileViewModel.swift in Sources */,
				85EAD44D1FEB9679004EDE5E /* StatueSelectionCell.swift in Sources */,
				852800151FF5FB9F00FD908F /* FusumaViewController.swift in Sources */,
				85D967A91FE8844300AF82A6 /* Comment.swift in Sources */,
				85EAD45A1FEF4639004EDE5E /* DecodeUtilities.swift in Sources */,
				85EAD4421FEB5769004EDE5E /* Statue.swift in Sources */,
				4F1ADB7920F1E2C000EA96B6 /* api.swift in Sources */,
				856CD00C2012622A00C47D5A /* FactsModel.swift in Sources */,
				4F64120C20F4352900975F63 /* CreateLike.swift in Sources */,
				85D967A51FE8743F00AF82A6 /* CommentsController.swift in Sources */,
				4F64121C20F540FB00975F63 /* Store.swift in Sources */,
				85EAD4531FEC997E004EDE5E /* Disk.swift in Sources */,
				85752E231FE70FAD0002EC3D /* UserSearchController.swift in Sources */,
				85EAD4561FEEEC95004EDE5E /* LogInUser.swift in Sources */,
				85EAD4401FEB5091004EDE5E /* MapController.swift in Sources */,
				85D967A01FE86D3100AF82A6 /* CustomAnimationPresentor.swift in Sources */,
				85EAD43D1FEB288D004EDE5E /* HomeCollectionPostCell.swift in Sources */,
				85752E0E1FE4BA0C0002EC3D /* PhotoSelectorHeader.swift in Sources */,
				4F1ADB8120F2CD9A00EA96B6 /* Like.swift in Sources */,
				8528000D1FF5FB9F00FD908F /* FSCameraView.swift in Sources */,
				85752E071FE486D30002EC3D /* LoginController.swift in Sources */,
				853E18A3200D6C0C004AE42C /* TitlesAndFonts.swift in Sources */,
				854827711FE34E7A007031E7 /* Extensions.swift in Sources */,
				852800091FF5FB9F00FD908F /* FSAlbumViewCell.swift in Sources */,
				85EAD43B1FEB2576004EDE5E /* HomeCollectionController.swift in Sources */,
				85707AB81FE769AD00BD978F /* UserSignUp.swift in Sources */,
				8544270C1FF4340800D81665 /* CreatePost.swift in Sources */,
				852800131FF5FB9F00FD908F /* FSVideoCameraView.swift in Sources */,
				4F1ADB7F20F2CD8A00EA96B6 /* Image.swift in Sources */,
				85752E1A1FE6474A0002EC3D /* DetailPostController.swift in Sources */,
				85EAD4441FEB6A5C004EDE5E /* StatueMarkerView.swift in Sources */,
				85D006291FE9B7E100D5463A /* PhotoSelectorCameraController.swift in Sources */,
				85752E1E1FE65E3D0002EC3D /* User.swift in Sources */,
				85C25882200D06AB00419976 /* ShareStatue.swift in Sources */,
				85752E151FE61ECC0002EC3D /* UserProfilePhotoCell.swift in Sources */,
				85D9679E1FE863F100AF82A6 /* PreviewPhotoContainerView.swift in Sources */,
				4F0A40B620E18A1C004D2CA1 /* SettingHeader.swift in Sources */,
				85752E0C1FE4B4DE0002EC3D /* PhotoSelectorCell.swift in Sources */,
				85D967A21FE86FE000AF82A6 /* CustomAnimationDismisser.swift in Sources */,
				85EAD4461FEB8379004EDE5E /* StatueSelectionController.swift in Sources */,
				85752E251FE713B90002EC3D /* UserSearchCell.swift in Sources */,
				4F64121720F5128E00975F63 /* StatueModel.swift in Sources */,
				852800111FF5FB9F00FD908F /* FSAlbumView.swift in Sources */,
				4F64121520F5124700975F63 /* ReadStatue.swift in Sources */,
				85D0062D1FE9C48300D5463A /* PhotoSelectorPreviewPhotoContainerView.swift in Sources */,
				85D967A71FE881D200AF82A6 /* CommentCell.swift in Sources */,
				4F1ADB7B20F1E37300EA96B6 /* constants.swift in Sources */,
				85D006271FE9B6FF00D5463A /* PhotoSelectorTabBarController.swift in Sources */,
				85D98F4B1FF87DB5000C8F2D /* ShareController.swift in Sources */,
				852800121FF5FB9F00FD908F /* FSConstants.swift in Sources */,
				4F0A40B120E14A48004D2CA1 /* Settings.swift in Sources */,
				856CD0102012687400C47D5A /* ProfileModel.swift in Sources */,
				4F1ADB8320F2CF1200EA96B6 /* Error.swift in Sources */,
				854427101FF43CB100D81665 /* CreateComment.swift in Sources */,
			);
			runOnlyForDeploymentPostprocessing = 0;
		};
/* End PBXSourcesBuildPhase section */

/* Begin PBXVariantGroup section */
		858E908A1FE2267800E0D8A7 /* LaunchScreen.storyboard */ = {
			isa = PBXVariantGroup;
			children = (
				858E908B1FE2267800E0D8A7 /* Base */,
			);
			name = LaunchScreen.storyboard;
			sourceTree = "<group>";
		};
/* End PBXVariantGroup section */

/* Begin XCBuildConfiguration section */
		858E908E1FE2267800E0D8A7 /* Debug */ = {
			isa = XCBuildConfiguration;
			buildSettings = {
				ALWAYS_SEARCH_USER_PATHS = NO;
				CLANG_ANALYZER_NONNULL = YES;
				CLANG_ANALYZER_NUMBER_OBJECT_CONVERSION = YES_AGGRESSIVE;
				CLANG_CXX_LANGUAGE_STANDARD = "gnu++14";
				CLANG_CXX_LIBRARY = "libc++";
				CLANG_ENABLE_MODULES = YES;
				CLANG_ENABLE_OBJC_ARC = YES;
				CLANG_WARN_BLOCK_CAPTURE_AUTORELEASING = YES;
				CLANG_WARN_BOOL_CONVERSION = YES;
				CLANG_WARN_COMMA = YES;
				CLANG_WARN_CONSTANT_CONVERSION = YES;
				CLANG_WARN_DIRECT_OBJC_ISA_USAGE = YES_ERROR;
				CLANG_WARN_DOCUMENTATION_COMMENTS = YES;
				CLANG_WARN_EMPTY_BODY = YES;
				CLANG_WARN_ENUM_CONVERSION = YES;
				CLANG_WARN_INFINITE_RECURSION = YES;
				CLANG_WARN_INT_CONVERSION = YES;
				CLANG_WARN_NON_LITERAL_NULL_CONVERSION = YES;
				CLANG_WARN_OBJC_LITERAL_CONVERSION = YES;
				CLANG_WARN_OBJC_ROOT_CLASS = YES_ERROR;
				CLANG_WARN_RANGE_LOOP_ANALYSIS = YES;
				CLANG_WARN_STRICT_PROTOTYPES = YES;
				CLANG_WARN_SUSPICIOUS_MOVE = YES;
				CLANG_WARN_UNGUARDED_AVAILABILITY = YES_AGGRESSIVE;
				CLANG_WARN_UNREACHABLE_CODE = YES;
				CLANG_WARN__DUPLICATE_METHOD_MATCH = YES;
				CODE_SIGN_IDENTITY = "iPhone Developer";
				COPY_PHASE_STRIP = NO;
				DEBUG_INFORMATION_FORMAT = dwarf;
				ENABLE_STRICT_OBJC_MSGSEND = YES;
				ENABLE_TESTABILITY = YES;
				GCC_C_LANGUAGE_STANDARD = gnu11;
				GCC_DYNAMIC_NO_PIC = NO;
				GCC_NO_COMMON_BLOCKS = YES;
				GCC_OPTIMIZATION_LEVEL = 0;
				GCC_PREPROCESSOR_DEFINITIONS = (
					"DEBUG=1",
					"$(inherited)",
				);
				GCC_WARN_64_TO_32_BIT_CONVERSION = YES;
				GCC_WARN_ABOUT_RETURN_TYPE = YES_ERROR;
				GCC_WARN_UNDECLARED_SELECTOR = YES;
				GCC_WARN_UNINITIALIZED_AUTOS = YES_AGGRESSIVE;
				GCC_WARN_UNUSED_FUNCTION = YES;
				GCC_WARN_UNUSED_VARIABLE = YES;
				IPHONEOS_DEPLOYMENT_TARGET = 11.2;
				MTL_ENABLE_DEBUG_INFO = YES;
				ONLY_ACTIVE_ARCH = YES;
				SDKROOT = iphoneos;
				SWIFT_ACTIVE_COMPILATION_CONDITIONS = DEBUG;
				SWIFT_OPTIMIZATION_LEVEL = "-Onone";
			};
			name = Debug;
		};
		858E908F1FE2267800E0D8A7 /* Release */ = {
			isa = XCBuildConfiguration;
			buildSettings = {
				ALWAYS_SEARCH_USER_PATHS = NO;
				CLANG_ANALYZER_NONNULL = YES;
				CLANG_ANALYZER_NUMBER_OBJECT_CONVERSION = YES_AGGRESSIVE;
				CLANG_CXX_LANGUAGE_STANDARD = "gnu++14";
				CLANG_CXX_LIBRARY = "libc++";
				CLANG_ENABLE_MODULES = YES;
				CLANG_ENABLE_OBJC_ARC = YES;
				CLANG_WARN_BLOCK_CAPTURE_AUTORELEASING = YES;
				CLANG_WARN_BOOL_CONVERSION = YES;
				CLANG_WARN_COMMA = YES;
				CLANG_WARN_CONSTANT_CONVERSION = YES;
				CLANG_WARN_DIRECT_OBJC_ISA_USAGE = YES_ERROR;
				CLANG_WARN_DOCUMENTATION_COMMENTS = YES;
				CLANG_WARN_EMPTY_BODY = YES;
				CLANG_WARN_ENUM_CONVERSION = YES;
				CLANG_WARN_INFINITE_RECURSION = YES;
				CLANG_WARN_INT_CONVERSION = YES;
				CLANG_WARN_NON_LITERAL_NULL_CONVERSION = YES;
				CLANG_WARN_OBJC_LITERAL_CONVERSION = YES;
				CLANG_WARN_OBJC_ROOT_CLASS = YES_ERROR;
				CLANG_WARN_RANGE_LOOP_ANALYSIS = YES;
				CLANG_WARN_STRICT_PROTOTYPES = YES;
				CLANG_WARN_SUSPICIOUS_MOVE = YES;
				CLANG_WARN_UNGUARDED_AVAILABILITY = YES_AGGRESSIVE;
				CLANG_WARN_UNREACHABLE_CODE = YES;
				CLANG_WARN__DUPLICATE_METHOD_MATCH = YES;
				CODE_SIGN_IDENTITY = "iPhone Developer";
				COPY_PHASE_STRIP = NO;
				DEBUG_INFORMATION_FORMAT = "dwarf-with-dsym";
				ENABLE_NS_ASSERTIONS = NO;
				ENABLE_STRICT_OBJC_MSGSEND = YES;
				GCC_C_LANGUAGE_STANDARD = gnu11;
				GCC_NO_COMMON_BLOCKS = YES;
				GCC_WARN_64_TO_32_BIT_CONVERSION = YES;
				GCC_WARN_ABOUT_RETURN_TYPE = YES_ERROR;
				GCC_WARN_UNDECLARED_SELECTOR = YES;
				GCC_WARN_UNINITIALIZED_AUTOS = YES_AGGRESSIVE;
				GCC_WARN_UNUSED_FUNCTION = YES;
				GCC_WARN_UNUSED_VARIABLE = YES;
				IPHONEOS_DEPLOYMENT_TARGET = 11.2;
				MTL_ENABLE_DEBUG_INFO = NO;
				SDKROOT = iphoneos;
				SWIFT_OPTIMIZATION_LEVEL = "-Owholemodule";
				VALIDATE_PRODUCT = YES;
			};
			name = Release;
		};
		858E90911FE2267800E0D8A7 /* Debug */ = {
			isa = XCBuildConfiguration;
			baseConfigurationReference = C4E70E6CCF18EE6FB5CCCA3F /* Pods-M.I.L.k.debug.xcconfig */;
			buildSettings = {
				ASSETCATALOG_COMPILER_APPICON_NAME = AppIcon;
				CODE_SIGN_STYLE = Automatic;
				DEVELOPMENT_TEAM = 4EW6C8RDQG;
				INFOPLIST_FILE = "$(SRCROOT)/M.I.L.k/Supporting Files/Info.plist";
				LD_RUNPATH_SEARCH_PATHS = "$(inherited) @executable_path/Frameworks";
				PRODUCT_BUNDLE_IDENTIFIER = "com.xamarin.M-I-L-k";
				PRODUCT_NAME = "$(TARGET_NAME)";
				SWIFT_VERSION = 4.0;
				TARGETED_DEVICE_FAMILY = "1,2";
			};
			name = Debug;
		};
		858E90921FE2267800E0D8A7 /* Release */ = {
			isa = XCBuildConfiguration;
			baseConfigurationReference = 23655FF85493B5172957D3DB /* Pods-M.I.L.k.release.xcconfig */;
			buildSettings = {
				ASSETCATALOG_COMPILER_APPICON_NAME = AppIcon;
				CODE_SIGN_STYLE = Automatic;
				DEVELOPMENT_TEAM = 4EW6C8RDQG;
				INFOPLIST_FILE = "$(SRCROOT)/M.I.L.k/Supporting Files/Info.plist";
				LD_RUNPATH_SEARCH_PATHS = "$(inherited) @executable_path/Frameworks";
				PRODUCT_BUNDLE_IDENTIFIER = "com.xamarin.M-I-L-k";
				PRODUCT_NAME = "$(TARGET_NAME)";
				SWIFT_VERSION = 4.0;
				TARGETED_DEVICE_FAMILY = "1,2";
			};
			name = Release;
		};
/* End XCBuildConfiguration section */

/* Begin XCConfigurationList section */
		858E90791FE2267800E0D8A7 /* Build configuration list for PBXProject "M.I.L.k" */ = {
			isa = XCConfigurationList;
			buildConfigurations = (
				858E908E1FE2267800E0D8A7 /* Debug */,
				858E908F1FE2267800E0D8A7 /* Release */,
			);
			defaultConfigurationIsVisible = 0;
			defaultConfigurationName = Release;
		};
		858E90901FE2267800E0D8A7 /* Build configuration list for PBXNativeTarget "M.I.L.k" */ = {
			isa = XCConfigurationList;
			buildConfigurations = (
				858E90911FE2267800E0D8A7 /* Debug */,
				858E90921FE2267800E0D8A7 /* Release */,
			);
			defaultConfigurationIsVisible = 0;
			defaultConfigurationName = Release;
		};
/* End XCConfigurationList section */
	};
	rootObject = 858E90761FE2267800E0D8A7 /* Project object */;
}
